
Microsoft Visual Studio Solution File, Format Version 12.00
# Visual Studio 14
VisualStudioVersion = 14.0.23107.0
MinimumVisualStudioVersion = 10.0.40219.1
Project("{E24C65DC-7377-472B-9ABA-BC803B73C61A}") = "imdb-50", ".", "{17C7DAA4-FA2D-49AC-B2BD-0F5849B57AAA}"
	ProjectSection(WebsiteProperties) = preProject
		TargetFrameworkMoniker = ".NETFramework,Version%3Dv4.0"
		Debug.AspNetCompiler.VirtualPath = "/localhost_62583"
		Debug.AspNetCompiler.PhysicalPath = "..\imdb-50\"
		Debug.AspNetCompiler.TargetPath = "PrecompiledWeb\localhost_62583\"
		Debug.AspNetCompiler.Updateable = "true"
		Debug.AspNetCompiler.ForceOverwrite = "true"
		Debug.AspNetCompiler.FixedNames = "false"
		Debug.AspNetCompiler.Debug = "True"
		Release.AspNetCompiler.VirtualPath = "/localhost_62583"
		Release.AspNetCompiler.PhysicalPath = "..\imdb-50\"
		Release.AspNetCompiler.TargetPath = "PrecompiledWeb\localhost_62583\"
		Release.AspNetCompiler.Updateable = "true"
		Release.AspNetCompiler.ForceOverwrite = "true"
		Release.AspNetCompiler.FixedNames = "false"
		Release.AspNetCompiler.Debug = "False"
		VWDPort = "62583"
		SlnRelativePath = "..\imdb-50\"
	EndProjectSection
EndProject
Global
	GlobalSection(SolutionConfigurationPlatforms) = preSolution
		Debug|Any CPU = Debug|Any CPU
	EndGlobalSection
	GlobalSection(ProjectConfigurationPlatforms) = postSolution
		{17C7DAA4-FA2D-49AC-B2BD-0F5849B57AAA}.Debug|Any CPU.ActiveCfg = Debug|Any CPU
		{17C7DAA4-FA2D-49AC-B2BD-0F5849B57AAA}.Debug|Any CPU.Build.0 = Debug|Any CPU
	EndGlobalSection
	GlobalSection(SolutionProperties) = preSolution
		HideSolutionNode = FALSE
	EndGlobalSection
EndGlobal
